
Microsoft Visual Studio Solution File, Format Version 12.00
# Visual Studio Version 17
VisualStudioVersion = 17.7.34031.279
MinimumVisualStudioVersion = 10.0.40219.1
Project("{FAE04EC0-301F-11D3-BF4B-00C04F79EFBC}") = "第一頁", "第一頁\第一頁.csproj", "{9167B284-C980-45D3-B1AB-5F9BF6650E1E}"
EndProject
Global
	GlobalSection(SolutionConfigurationPlatforms) = preSolution
		Debug|Any CPU = Debug|Any CPU
		Release|Any CPU = Release|Any CPU
	EndGlobalSection
	GlobalSection(ProjectConfigurationPlatforms) = postSolution
		{9167B284-C980-45D3-B1AB-5F9BF6650E1E}.Debug|Any CPU.ActiveCfg = Debug|Any CPU
		{9167B284-C980-45D3-B1AB-5F9BF6650E1E}.Debug|Any CPU.Build.0 = Debug|Any CPU
		{9167B284-C980-45D3-B1AB-5F9BF6650E1E}.Release|Any CPU.ActiveCfg = Release|Any CPU
		{9167B284-C980-45D3-B1AB-5F9BF6650E1E}.Release|Any CPU.Build.0 = Release|Any CPU
	EndGlobalSection
	GlobalSection(SolutionProperties) = preSolution
		HideSolutionNode = FALSE
	EndGlobalSection
	GlobalSection(ExtensibilityGlobals) = postSolution
		SolutionGuid = {A2284C6C-2022-4518-980E-16FF755F410D}
	EndGlobalSection
EndGlobal
